
Microsoft Visual Studio Solution File, Format Version 12.00
# Visual Studio Version 17
VisualStudioVersion = 17.5.002.0
MinimumVisualStudioVersion = 10.0.40219.1
Project("{9A19103F-16F7-4668-BE54-9A1E7A4F7556}") = "BtkAkademi", "BtkAkademi.csproj", "{EEE94BB5-3809-4BA3-B990-5C2F1A637350}"
EndProject
Global
	GlobalSection(SolutionConfigurationPlatforms) = preSolution
		Debug|Any CPU = Debug|Any CPU
		Release|Any CPU = Release|Any CPU
	EndGlobalSection
	GlobalSection(ProjectConfigurationPlatforms) = postSolution
		{EEE94BB5-3809-4BA3-B990-5C2F1A637350}.Debug|Any CPU.ActiveCfg = Debug|Any CPU
		{EEE94BB5-3809-4BA3-B990-5C2F1A637350}.Debug|Any CPU.Build.0 = Debug|Any CPU
		{EEE94BB5-3809-4BA3-B990-5C2F1A637350}.Release|Any CPU.ActiveCfg = Release|Any CPU
		{EEE94BB5-3809-4BA3-B990-5C2F1A637350}.Release|Any CPU.Build.0 = Release|Any CPU
	EndGlobalSection
	GlobalSection(SolutionProperties) = preSolution
		HideSolutionNode = FALSE
	EndGlobalSection
	GlobalSection(ExtensibilityGlobals) = postSolution
		SolutionGuid = {DDE4EC41-64B3-4B04-92F8-5E0E4C5DBFAC}
	EndGlobalSection
EndGlobal
